
Microsoft Visual Studio Solution File, Format Version 12.00
# Visual Studio 2012
Project("{FAE04EC0-301F-11D3-BF4B-00C04F79EFBC}") = "SkypeBot.Tests", "SkypeBot.Tests\SkypeBot.Tests.csproj", "{898E03DD-74D4-471F-8F96-975753E913A4}"
EndProject
Project("{FAE04EC0-301F-11D3-BF4B-00C04F79EFBC}") = "SkypeBot", "SkypeBot\SkypeBot.csproj", "{F29AC665-1C33-4E6D-B8A2-A4C832114383}"
EndProject
Project("{FAE04EC0-301F-11D3-BF4B-00C04F79EFBC}") = "SkypeBot.Runner", "SkypeBot.Runner\SkypeBot.Runner.csproj", "{D5D2B348-D46D-488E-82AA-DAEB23FF70BC}"
EndProject
Project("{FAE04EC0-301F-11D3-BF4B-00C04F79EFBC}") = "SkypeBot.Common", "SkypeBot.Common\SkypeBot.Common.csproj", "{254BF772-78CF-48AF-A77D-38154665849A}"
EndProject
Project("{2150E333-8FDC-42A3-9474-1A3956D46DE8}") = ".nuget", ".nuget", "{4A8997F8-4C7F-45EF-92C0-5DC9C34C9D86}"
	ProjectSection(SolutionItems) = preProject
		.nuget\NuGet.Config = .nuget\NuGet.Config
		.nuget\NuGet.exe = .nuget\NuGet.exe
		.nuget\NuGet.targets = .nuget\NuGet.targets
	EndProjectSection
EndProject
Global
	GlobalSection(SolutionConfigurationPlatforms) = preSolution
		Debug|Any CPU = Debug|Any CPU
		Release|Any CPU = Release|Any CPU
	EndGlobalSection
	GlobalSection(ProjectConfigurationPlatforms) = postSolution
		{898E03DD-74D4-471F-8F96-975753E913A4}.Debug|Any CPU.ActiveCfg = Debug|Any CPU
		{898E03DD-74D4-471F-8F96-975753E913A4}.Debug|Any CPU.Build.0 = Debug|Any CPU
		{898E03DD-74D4-471F-8F96-975753E913A4}.Release|Any CPU.ActiveCfg = Release|Any CPU
		{898E03DD-74D4-471F-8F96-975753E913A4}.Release|Any CPU.Build.0 = Release|Any CPU
		{F29AC665-1C33-4E6D-B8A2-A4C832114383}.Debug|Any CPU.ActiveCfg = Debug|Any CPU
		{F29AC665-1C33-4E6D-B8A2-A4C832114383}.Debug|Any CPU.Build.0 = Debug|Any CPU
		{F29AC665-1C33-4E6D-B8A2-A4C832114383}.Release|Any CPU.ActiveCfg = Release|Any CPU
		{F29AC665-1C33-4E6D-B8A2-A4C832114383}.Release|Any CPU.Build.0 = Release|Any CPU
		{D5D2B348-D46D-488E-82AA-DAEB23FF70BC}.Debug|Any CPU.ActiveCfg = Debug|Any CPU
		{D5D2B348-D46D-488E-82AA-DAEB23FF70BC}.Debug|Any CPU.Build.0 = Debug|Any CPU
		{D5D2B348-D46D-488E-82AA-DAEB23FF70BC}.Release|Any CPU.ActiveCfg = Release|Any CPU
		{D5D2B348-D46D-488E-82AA-DAEB23FF70BC}.Release|Any CPU.Build.0 = Release|Any CPU
		{254BF772-78CF-48AF-A77D-38154665849A}.Debug|Any CPU.ActiveCfg = Debug|Any CPU
		{254BF772-78CF-48AF-A77D-38154665849A}.Debug|Any CPU.Build.0 = Debug|Any CPU
		{254BF772-78CF-48AF-A77D-38154665849A}.Release|Any CPU.ActiveCfg = Release|Any CPU
		{254BF772-78CF-48AF-A77D-38154665849A}.Release|Any CPU.Build.0 = Release|Any CPU
	EndGlobalSection
	GlobalSection(SolutionProperties) = preSolution
		HideSolutionNode = FALSE
	EndGlobalSection
EndGlobal
